
Microsoft Visual Studio Solution File, Format Version 12.00
# Visual Studio 15
VisualStudioVersion = 15.0.26228.4
MinimumVisualStudioVersion = 10.0.40219.1
Project("{FAE04EC0-301F-11D3-BF4B-00C04F79EFBC}") = "ChromeCorners.CLI", "ChromeCorners.CLI\ChromeCorners.CLI.csproj", "{51600C08-3A3A-4BD8-8250-A58EF27426EB}"
EndProject
Project("{FAE04EC0-301F-11D3-BF4B-00C04F79EFBC}") = "ChromeCorners", "ChromeCorners\ChromeCorners.csproj", "{9488E323-C41E-48C9-B607-58BD1CE45BE1}"
EndProject
Project("{FAE04EC0-301F-11D3-BF4B-00C04F79EFBC}") = "ChromeCorners.Core", "ChromeCorners.Core\ChromeCorners.Core.csproj", "{D9B0829C-F776-45EC-8BBB-AB1259A981AD}"
EndProject
Global
	GlobalSection(SolutionConfigurationPlatforms) = preSolution
		Debug|Any CPU = Debug|Any CPU
		Debug|ARM = Debug|ARM
		Debug|x64 = Debug|x64
		Debug|x86 = Debug|x86
		Release|Any CPU = Release|Any CPU
		Release|ARM = Release|ARM
		Release|x64 = Release|x64
		Release|x86 = Release|x86
	EndGlobalSection
	GlobalSection(ProjectConfigurationPlatforms) = postSolution
		{51600C08-3A3A-4BD8-8250-A58EF27426EB}.Debug|Any CPU.ActiveCfg = Debug|Any CPU
		{51600C08-3A3A-4BD8-8250-A58EF27426EB}.Debug|Any CPU.Build.0 = Debug|Any CPU
		{51600C08-3A3A-4BD8-8250-A58EF27426EB}.Debug|ARM.ActiveCfg = Debug|Any CPU
		{51600C08-3A3A-4BD8-8250-A58EF27426EB}.Debug|ARM.Build.0 = Debug|Any CPU
		{51600C08-3A3A-4BD8-8250-A58EF27426EB}.Debug|x64.ActiveCfg = Debug|Any CPU
		{51600C08-3A3A-4BD8-8250-A58EF27426EB}.Debug|x64.Build.0 = Debug|Any CPU
		{51600C08-3A3A-4BD8-8250-A58EF27426EB}.Debug|x86.ActiveCfg = Debug|Any CPU
		{51600C08-3A3A-4BD8-8250-A58EF27426EB}.Debug|x86.Build.0 = Debug|Any CPU
		{51600C08-3A3A-4BD8-8250-A58EF27426EB}.Release|Any CPU.ActiveCfg = Release|Any CPU
		{51600C08-3A3A-4BD8-8250-A58EF27426EB}.Release|Any CPU.Build.0 = Release|Any CPU
		{51600C08-3A3A-4BD8-8250-A58EF27426EB}.Release|ARM.ActiveCfg = Release|Any CPU
		{51600C08-3A3A-4BD8-8250-A58EF27426EB}.Release|ARM.Build.0 = Release|Any CPU
		{51600C08-3A3A-4BD8-8250-A58EF27426EB}.Release|x64.ActiveCfg = Release|Any CPU
		{51600C08-3A3A-4BD8-8250-A58EF27426EB}.Release|x64.Build.0 = Release|Any CPU
		{51600C08-3A3A-4BD8-8250-A58EF27426EB}.Release|x86.ActiveCfg = Release|Any CPU
		{51600C08-3A3A-4BD8-8250-A58EF27426EB}.Release|x86.Build.0 = Release|Any CPU
		{9488E323-C41E-48C9-B607-58BD1CE45BE1}.Debug|Any CPU.ActiveCfg = Debug|Any CPU
		{9488E323-C41E-48C9-B607-58BD1CE45BE1}.Debug|Any CPU.Build.0 = Debug|Any CPU
		{9488E323-C41E-48C9-B607-58BD1CE45BE1}.Debug|ARM.ActiveCfg = Debug|Any CPU
		{9488E323-C41E-48C9-B607-58BD1CE45BE1}.Debug|ARM.Build.0 = Debug|Any CPU
		{9488E323-C41E-48C9-B607-58BD1CE45BE1}.Debug|x64.ActiveCfg = Debug|Any CPU
		{9488E323-C41E-48C9-B607-58BD1CE45BE1}.Debug|x64.Build.0 = Debug|Any CPU
		{9488E323-C41E-48C9-B607-58BD1CE45BE1}.Debug|x86.ActiveCfg = Debug|Any CPU
		{9488E323-C41E-48C9-B607-58BD1CE45BE1}.Debug|x86.Build.0 = Debug|Any CPU
		{9488E323-C41E-48C9-B607-58BD1CE45BE1}.Release|Any CPU.ActiveCfg = Release|Any CPU
		{9488E323-C41E-48C9-B607-58BD1CE45BE1}.Release|Any CPU.Build.0 = Release|Any CPU
		{9488E323-C41E-48C9-B607-58BD1CE45BE1}.Release|ARM.ActiveCfg = Release|Any CPU
		{9488E323-C41E-48C9-B607-58BD1CE45BE1}.Release|ARM.Build.0 = Release|Any CPU
		{9488E323-C41E-48C9-B607-58BD1CE45BE1}.Release|x64.ActiveCfg = Release|Any CPU
		{9488E323-C41E-48C9-B607-58BD1CE45BE1}.Release|x64.Build.0 = Release|Any CPU
		{9488E323-C41E-48C9-B607-58BD1CE45BE1}.Release|x86.ActiveCfg = Release|Any CPU
		{9488E323-C41E-48C9-B607-58BD1CE45BE1}.Release|x86.Build.0 = Release|Any CPU
		{D9B0829C-F776-45EC-8BBB-AB1259A981AD}.Debug|Any CPU.ActiveCfg = Debug|Any CPU
		{D9B0829C-F776-45EC-8BBB-AB1259A981AD}.Debug|Any CPU.Build.0 = Debug|Any CPU
		{D9B0829C-F776-45EC-8BBB-AB1259A981AD}.Debug|ARM.ActiveCfg = Debug|Any CPU
		{D9B0829C-F776-45EC-8BBB-AB1259A981AD}.Debug|ARM.Build.0 = Debug|Any CPU
		{D9B0829C-F776-45EC-8BBB-AB1259A981AD}.Debug|x64.ActiveCfg = Debug|Any CPU
		{D9B0829C-F776-45EC-8BBB-AB1259A981AD}.Debug|x64.Build.0 = Debug|Any CPU
		{D9B0829C-F776-45EC-8BBB-AB1259A981AD}.Debug|x86.ActiveCfg = Debug|Any CPU
		{D9B0829C-F776-45EC-8BBB-AB1259A981AD}.Debug|x86.Build.0 = Debug|Any CPU
		{D9B0829C-F776-45EC-8BBB-AB1259A981AD}.Release|Any CPU.ActiveCfg = Release|Any CPU
		{D9B0829C-F776-45EC-8BBB-AB1259A981AD}.Release|Any CPU.Build.0 = Release|Any CPU
		{D9B0829C-F776-45EC-8BBB-AB1259A981AD}.Release|ARM.ActiveCfg = Release|Any CPU
		{D9B0829C-F776-45EC-8BBB-AB1259A981AD}.Release|ARM.Build.0 = Release|Any CPU
		{D9B0829C-F776-45EC-8BBB-AB1259A981AD}.Release|x64.ActiveCfg = Release|Any CPU
		{D9B0829C-F776-45EC-8BBB-AB1259A981AD}.Release|x64.Build.0 = Release|Any CPU
		{D9B0829C-F776-45EC-8BBB-AB1259A981AD}.Release|x86.ActiveCfg = Release|Any CPU
		{D9B0829C-F776-45EC-8BBB-AB1259A981AD}.Release|x86.Build.0 = Release|Any CPU
	EndGlobalSection
	GlobalSection(SolutionProperties) = preSolution
		HideSolutionNode = FALSE
	EndGlobalSection
EndGlobal
